{
  "name": "web-catalogo",
  "version": "0.1.0",
  "lockfileVersion": 3,
  "requires": true,
  "packages": {
    "": {
      "name": "web-catalogo",
      "version": "0.1.0",
      "dependencies": {
        "clsx": "^2.1.1",
        "framer-motion": "^13.1.1",
        "gsap": "^3.15.0",
        "lucide-react": "^0.475.0",
        "motion": "^13.1.1",
        "next": "^15.1.7",
        "react": "^19.0.0",
        "react-dom": "^19.0.0",
        "tailwind-merge": "^3.0.1",
        "three": "^0.185.1"
      },
      "devDependencies": {
        "@types/node": "^22.10.7",
        "@types/react": "^19.0.0",
        "@types/react-dom": "^19.0.0",
        "@types/three": "^0.185.4",
        "autoprefixer": "^10.4.20",
        "postcss": "^8.4.49",
        "tailwindcss": "^3.4.17",
        "typescript": "^5.7.3"
      }
    },
    "../../node_modules/.pnpm/@types+node@22.20.1/node_modules/@types/node": {
      "version": "22.20.1",
      "dev": true,
      "license": "MIT",
      "dependencies": {
        "undici-types": "~6.21.0"
      }
    },
    "../../node_modules/.pnpm/@types+react-dom@19.2.4_@types+react@19.2.18/node_modules/@types/react-dom": {
      "version": "19.2.4",
      "dev": true,
      "license": "MIT",
      "peerDependencies": {
        "@types/react": "^19.2.0"
      }
    },
    "../../node_modules/.pnpm/@types+react@19.2.18/node_modules/@types/react": {
      "version": "19.2.18",
      "dev": true,
      "license": "MIT",
      "dependencies": {
        "csstype": "^3.2.2"
      }
    },
    "../../node_modules/.pnpm/@types+three@0.185.4/node_modules/@types/three": {
      "version": "0.185.4",
      "dev": true,
      "license": "MIT",
      "dependencies": {
        "@dimforge/rapier3d-compat": "~0.12.0",
        "@tweenjs/tween.js": "~23.1.3",
        "@types/stats.js": "*",
        "@types/webxr": ">=0.5.17",
        "fflate": "~0.8.2",
        "meshoptimizer": "~1.1.1"
      }
    },
    "../../node_modules/.pnpm/autoprefixer@10.5.4_postcss@8.5.26/node_modules/autoprefixer": {
      "version": "10.5.4",
      "dev": true,
      "funding": [
        {
          "type": "opencollective",
          "url": "https://opencollective.com/postcss/"
        },
        {
          "type": "tidelift",
          "url": "https://tidelift.com/funding/github/npm/autoprefixer"
        },
        {
          "type": "github",
          "url": "https://github.com/sponsors/ai"
        }
      ],
      "license": "MIT",
      "dependencies": {
        "browserslist": "^4.28.6",
        "caniuse-lite": "^1.0.30001806",
        "fraction.js": "^5.3.4",
        "picocolors": "^1.1.1",
        "postcss-value-parser": "^4.2.0"
      },
      "bin": {
        "autoprefixer": "bin/autoprefixer"
      },
      "engines": {
        "node": "^10 || ^12 || >=14"
      },
      "peerDependencies": {
        "postcss": "^8.1.0"
      }
    },
    "../../node_modules/.pnpm/clsx@2.1.1/node_modules/clsx": {
      "version": "2.1.1",
      "license": "MIT",
      "devDependencies": {
        "esm": "3.2.25",
        "terser": "4.8.0",
        "uvu": "0.5.4"
      },
      "engines": {
        "node": ">=6"
      }
    },
    "../../node_modules/.pnpm/lucide-react@0.475.0_react@19.2.8/node_modules/lucide-react": {
      "version": "0.475.0",
      "license": "ISC",
      "devDependencies": {
        "@lucide/build-icons": "1.1.0",
        "@lucide/rollup-plugins": "1.0.0",
        "@lucide/shared": "1.0.0",
        "@testing-library/jest-dom": "^6.1.6",
        "@testing-library/react": "^14.1.2",
        "@types/react": "^18.2.37",
        "@vitejs/plugin-react": "^4.2.1",
        "jest-serializer-html": "^7.1.0",
        "react": "18.2.0",
        "react-dom": "18.2.0",
        "rollup": "^4.22.4",
        "rollup-plugin-dts": "^6.1.0",
        "rollup-plugin-preserve-directives": "^0.4.0",
        "typescript": "^4.9.5",
        "vite": "5.1.8",
        "vitest": "^1.1.1"
      },
      "peerDependencies": {
        "react": "^16.5.1 || ^17.0.0 || ^18.0.0 || ^19.0.0"
      }
    },
    "../../node_modules/.pnpm/next@15.5.23_@babel+core@7._33443ff9f4c59165605e0dacf5170c43/node_modules/next": {
      "version": "15.5.23",
      "license": "MIT",
      "dependencies": {
        "@next/env": "15.5.23",
        "@swc/helpers": "0.5.15",
        "caniuse-lite": "^1.0.30001579",
        "postcss": "8.4.31",
        "styled-jsx": "5.1.6"
      },
      "bin": {
        "next": "dist/bin/next"
      },
      "engines": {
        "node": "^18.18.0 || ^19.8.0 || >= 20.0.0"
      },
      "optionalDependencies": {
        "@next/swc-darwin-arm64": "15.5.23",
        "@next/swc-darwin-x64": "15.5.23",
        "@next/swc-linux-arm64-gnu": "15.5.23",
        "@next/swc-linux-arm64-musl": "15.5.23",
        "@next/swc-linux-x64-gnu": "15.5.23",
        "@next/swc-linux-x64-musl": "15.5.23",
        "@next/swc-win32-arm64-msvc": "15.5.23",
        "@next/swc-win32-x64-msvc": "15.5.23",
        "sharp": "^0.34.3"
      },
      "peerDependencies": {
        "@opentelemetry/api": "^1.1.0",
        "@playwright/test": "^1.51.1",
        "babel-plugin-react-compiler": "*",
        "react": "^18.2.0 || 19.0.0-rc-de68d2f4-20241204 || ^19.0.0",
        "react-dom": "^18.2.0 || 19.0.0-rc-de68d2f4-20241204 || ^19.0.0",
        "sass": "^1.3.0"
      },
      "peerDependenciesMeta": {
        "@opentelemetry/api": {
          "optional": true
        },
        "@playwright/test": {
          "optional": true
        },
        "babel-plugin-react-compiler": {
          "optional": true
        },
        "sass": {
          "optional": true
        }
      }
    },
    "../../node_modules/.pnpm/postcss@8.5.26/node_modules/postcss": {
      "version": "8.5.26",
      "dev": true,
      "funding": [
        {
          "type": "opencollective",
          "url": "https://opencollective.com/postcss/"
        },
        {
          "type": "tidelift",
          "url": "https://tidelift.com/funding/github/npm/postcss"
        },
        {
          "type": "github",
          "url": "https://github.com/sponsors/ai"
        }
      ],
      "license": "MIT",
      "dependencies": {
        "nanoid": "^3.3.17",
        "picocolors": "^1.1.1",
        "source-map-js": "^1.2.1"
      },
      "engines": {
        "node": "^10 || ^12 || >=14"
      }
    },
    "../../node_modules/.pnpm/react-dom@19.2.8_react@19.2.8/node_modules/react-dom": {
      "version": "19.2.8",
      "license": "MIT",
      "dependencies": {
        "scheduler": "^0.27.0"
      },
      "peerDependencies": {
        "react": "^19.2.8"
      }
    },
    "../../node_modules/.pnpm/react@19.2.8/node_modules/react": {
      "version": "19.2.8",
      "license": "MIT",
      "engines": {
        "node": ">=0.10.0"
      }
    },
    "../../node_modules/.pnpm/tailwind-merge@3.6.0/node_modules/tailwind-merge": {
      "version": "3.6.0",
      "license": "MIT",
      "devDependencies": {
        "@babel/core": "^7.29.0",
        "@babel/preset-env": "^7.29.3",
        "@codspeed/vitest-plugin": "^5.4.0",
        "@rollup/plugin-babel": "^7.0.0",
        "@rollup/plugin-node-resolve": "^16.0.3",
        "@rollup/plugin-typescript": "^12.3.0",
        "@types/node": "^24.12.2",
        "@vitest/coverage-v8": "^4.1.5",
        "@vitest/eslint-plugin": "^1.6.16",
        "babel-plugin-annotate-pure-calls": "^0.5.0",
        "babel-plugin-polyfill-regenerator": "^0.6.8",
        "eslint": "^9.39.4",
        "eslint-plugin-import": "^2.32.0",
        "globby": "^16.2.0",
        "prettier": "^3.8.3",
        "rollup": "^4.60.2",
        "rollup-plugin-delete": "^3.0.2",
        "rollup-plugin-dts": "^6.4.1",
        "tslib": "^2.8.1",
        "typescript": "^5.9.3",
        "typescript-eslint": "^8.59.1",
        "vitest": "^4.1.5",
        "zx": "^8.8.5"
      },
      "funding": {
        "type": "github",
        "url": "https://github.com/sponsors/dcastil"
      }
    },
    "../../node_modules/.pnpm/tailwindcss@3.4.19/node_modules/tailwindcss": {
      "version": "3.4.19",
      "dev": true,
      "license": "MIT",
      "dependencies": {
        "@alloc/quick-lru": "^5.2.0",
        "arg": "^5.0.2",
        "chokidar": "^3.6.0",
        "didyoumean": "^1.2.2",
        "dlv": "^1.1.3",
        "fast-glob": "^3.3.2",
        "glob-parent": "^6.0.2",
        "is-glob": "^4.0.3",
        "jiti": "^1.21.7",
        "lilconfig": "^3.1.3",
        "micromatch": "^4.0.8",
        "normalize-path": "^3.0.0",
        "object-hash": "^3.0.0",
        "picocolors": "^1.1.1",
        "postcss": "^8.4.47",
        "postcss-import": "^15.1.0",
        "postcss-js": "^4.0.1",
        "postcss-load-config": "^4.0.2 || ^5.0 || ^6.0",
        "postcss-nested": "^6.2.0",
        "postcss-selector-parser": "^6.1.2",
        "resolve": "^1.22.8",
        "sucrase": "^3.35.0"
      },
      "bin": {
        "tailwind": "lib/cli.js",
        "tailwindcss": "lib/cli.js"
      },
      "devDependencies": {
        "@swc/cli": "0.1.62",
        "@swc/core": "1.3.55",
        "@swc/jest": "0.2.26",
        "@swc/register": "0.1.10",
        "autoprefixer": "^10.4.20",
        "browserslist": "^4.24.0",
        "concurrently": "^8.2.2",
        "cssnano": "^6.1.2",
        "esbuild": "^0.24.0",
        "eslint": "^8.57.1",
        "eslint-config-prettier": "^8.10.0",
        "eslint-plugin-prettier": "^4.2.1",
        "jest": "^29.7.0",
        "jest-diff": "^29.7.0",
        "lightningcss": "1.27.0",
        "prettier": "^2.8.8",
        "rimraf": "^5.0.10",
        "source-map-js": "^1.2.1",
        "turbo": "^1.13.4"
      },
      "engines": {
        "node": ">=14.0.0"
      }
    },
    "../../node_modules/.pnpm/three@0.185.1/node_modules/three": {
      "version": "0.185.1",
      "license": "MIT",
      "devDependencies": {
        "@eslint/js": "^9.0.0",
        "@rollup/plugin-node-resolve": "^16.0.0",
        "@rollup/plugin-terser": "^1.0.0",
        "eslint": "^9.0.0",
        "eslint-config-mdcs": "^5.0.0",
        "eslint-plugin-compat": "^7.0.0",
        "eslint-plugin-html": "^8.1.3",
        "eslint-plugin-jsdoc": "^63.0.0",
        "globals": "^17.0.0",
        "jpeg-js": "^0.4.4",
        "jsdoc": "^4.0.5",
        "magic-string": "^0.30.0",
        "pngjs": "^7.0.0",
        "puppeteer": "^25.0.0",
        "rollup": "^4.6.0",
        "turndown": "^7.2.2"
      }
    },
    "../../node_modules/.pnpm/typescript@5.9.3/node_modules/typescript": {
      "version": "5.9.3",
      "dev": true,
      "license": "Apache-2.0",
      "bin": {
        "tsc": "bin/tsc",
        "tsserver": "bin/tsserver"
      },
      "devDependencies": {
        "@dprint/formatter": "^0.4.1",
        "@dprint/typescript": "0.93.4",
        "@esfx/canceltoken": "^1.0.0",
        "@eslint/js": "^9.20.0",
        "@octokit/rest": "^21.1.1",
        "@types/chai": "^4.3.20",
        "@types/diff": "^7.0.1",
        "@types/minimist": "^1.2.5",
        "@types/mocha": "^10.0.10",
        "@types/ms": "^0.7.34",
        "@types/node": "latest",
        "@types/source-map-support": "^0.5.10",
        "@types/which": "^3.0.4",
        "@typescript-eslint/rule-tester": "^8.24.1",
        "@typescript-eslint/type-utils": "^8.24.1",
        "@typescript-eslint/utils": "^8.24.1",
        "azure-devops-node-api": "^14.1.0",
        "c8": "^10.1.3",
        "chai": "^4.5.0",
        "chokidar": "^4.0.3",
        "diff": "^7.0.0",
        "dprint": "^0.49.0",
        "esbuild": "^0.25.0",
        "eslint": "^9.20.1",
        "eslint-formatter-autolinkable-stylish": "^1.4.0",
        "eslint-plugin-regexp": "^2.7.0",
        "fast-xml-parser": "^4.5.2",
        "glob": "^10.4.5",
        "globals": "^15.15.0",
        "hereby": "^1.10.0",
        "jsonc-parser": "^3.3.1",
        "knip": "^5.44.4",
        "minimist": "^1.2.8",
        "mocha": "^10.8.2",
        "mocha-fivemat-progress-reporter": "^0.1.0",
        "monocart-coverage-reports": "^2.12.1",
        "ms": "^2.1.3",
        "picocolors": "^1.1.1",
        "playwright": "^1.50.1",
        "source-map-support": "^0.5.21",
        "tslib": "^2.8.1",
        "typescript": "^5.7.3",
        "typescript-eslint": "^8.24.1",
        "which": "^3.0.1"
      },
      "engines": {
        "node": ">=14.17"
      }
    },
    "node_modules/@types/node": {
      "resolved": "../../node_modules/.pnpm/@types+node@22.20.1/node_modules/@types/node",
      "link": true
    },
    "node_modules/@types/react": {
      "resolved": "../../node_modules/.pnpm/@types+react@19.2.18/node_modules/@types/react",
      "link": true
    },
    "node_modules/@types/react-dom": {
      "resolved": "../../node_modules/.pnpm/@types+react-dom@19.2.4_@types+react@19.2.18/node_modules/@types/react-dom",
      "link": true
    },
    "node_modules/@types/three": {
      "resolved": "../../node_modules/.pnpm/@types+three@0.185.4/node_modules/@types/three",
      "link": true
    },
    "node_modules/autoprefixer": {
      "resolved": "../../node_modules/.pnpm/autoprefixer@10.5.4_postcss@8.5.26/node_modules/autoprefixer",
      "link": true
    },
    "node_modules/clsx": {
      "resolved": "../../node_modules/.pnpm/clsx@2.1.1/node_modules/clsx",
      "link": true
    },
    "node_modules/framer-motion": {
      "version": "13.1.1",
      "resolved": "https://registry.npmjs.org/framer-motion/-/framer-motion-13.1.1.tgz",
      "integrity": "sha512-B/xn2TPS4f61cEBLFjiYlQFnBZUW1YVj/LM+C+N4OP8Rs95VLEI2ot/RlfBg111la/EiyECFaJJi/A3FWA8MUA==",
      "license": "MIT",
      "dependencies": {
        "motion-dom": "^13.1.1",
        "motion-utils": "^13.0.0",
        "tslib": "^2.4.0"
      },
      "peerDependencies": {
        "react": "^18.0.0 || ^19.0.0",
        "react-dom": "^18.0.0 || ^19.0.0"
      },
      "peerDependenciesMeta": {
        "react": {
          "optional": true
        },
        "react-dom": {
          "optional": true
        }
      }
    },
    "node_modules/gsap": {
      "version": "3.15.0",
      "resolved": "https://registry.npmjs.org/gsap/-/gsap-3.15.0.tgz",
      "integrity": "sha512-dMW4CWBTUK1AEEDeZc1g4xpPGIrSf9fJF960qbTZmN/QwZIWY5wgliS6JWl9/25fpTGJrMRtSjGtOmPnfjZB+A==",
      "license": "Standard 'no charge' license: https://gsap.com/standard-license."
    },
    "node_modules/lucide-react": {
      "resolved": "../../node_modules/.pnpm/lucide-react@0.475.0_react@19.2.8/node_modules/lucide-react",
      "link": true
    },
    "node_modules/motion": {
      "version": "13.1.1",
      "resolved": "https://registry.npmjs.org/motion/-/motion-13.1.1.tgz",
      "integrity": "sha512-WNZoK6xiF+kkTqkZ5K7FDDh6A8BG4i5Hc7KXtW8gtTxkpJFds+hIOrDaQGKjQj/AE/i4hJqAaUHEqp/Qo02y6Q==",
      "license": "MIT",
      "dependencies": {
        "framer-motion": "^13.1.1",
        "tslib": "^2.4.0"
      },
      "peerDependencies": {
        "react": "^18.0.0 || ^19.0.0",
        "react-dom": "^18.0.0 || ^19.0.0"
      },
      "peerDependenciesMeta": {
        "react": {
          "optional": true
        },
        "react-dom": {
          "optional": true
        }
      }
    },
    "node_modules/motion-dom": {
      "version": "13.1.1",
      "resolved": "https://registry.npmjs.org/motion-dom/-/motion-dom-13.1.1.tgz",
      "integrity": "sha512-XSf8VYWSB6G/0IY3rWVbyLcxWXtAVHkN1PQE2agTaCv3u8RGvbwu56TyyR/MNzBqqNavEBTZzErcxI1TxBrjcA==",
      "license": "MIT",
      "dependencies": {
        "motion-utils": "^13.0.0"
      }
    },
    "node_modules/motion-utils": {
      "version": "13.0.0",
      "resolved": "https://registry.npmjs.org/motion-utils/-/motion-utils-13.0.0.tgz",
      "integrity": "sha512-7DnN7TmbLcYXcG4RVadXIihWlyuM9afoUww8Y5Agg431kGKiuL2/OMyP4mJ5wLz+pvN3t5ySClLOaVXJ+wekRQ==",
      "license": "MIT"
    },
    "node_modules/next": {
      "resolved": "../../node_modules/.pnpm/next@15.5.23_@babel+core@7._33443ff9f4c59165605e0dacf5170c43/node_modules/next",
      "link": true
    },
    "node_modules/postcss": {
      "resolved": "../../node_modules/.pnpm/postcss@8.5.26/node_modules/postcss",
      "link": true
    },
    "node_modules/react": {
      "resolved": "../../node_modules/.pnpm/react@19.2.8/node_modules/react",
      "link": true
    },
    "node_modules/react-dom": {
      "resolved": "../../node_modules/.pnpm/react-dom@19.2.8_react@19.2.8/node_modules/react-dom",
      "link": true
    },
    "node_modules/tailwind-merge": {
      "resolved": "../../node_modules/.pnpm/tailwind-merge@3.6.0/node_modules/tailwind-merge",
      "link": true
    },
    "node_modules/tailwindcss": {
      "resolved": "../../node_modules/.pnpm/tailwindcss@3.4.19/node_modules/tailwindcss",
      "link": true
    },
    "node_modules/three": {
      "resolved": "../../node_modules/.pnpm/three@0.185.1/node_modules/three",
      "link": true
    },
    "node_modules/tslib": {
      "version": "2.8.1",
      "resolved": "https://registry.npmjs.org/tslib/-/tslib-2.8.1.tgz",
      "integrity": "sha512-oJFu94HQb+KVduSUQL7wnpmqnfmLsOA/nAh6b6EH0wCEoK0/mPeXU6c3wKDV83MkOuHPRHtSXKKU99IBazS/2w==",
      "license": "0BSD"
    },
    "node_modules/typescript": {
      "resolved": "../../node_modules/.pnpm/typescript@5.9.3/node_modules/typescript",
      "link": true
    },
    "node_modules/@next/swc-darwin-arm64": {
      "version": "15.5.23",
      "resolved": "https://registry.npmjs.org/@next/swc-darwin-arm64/-/swc-darwin-arm64-15.5.23.tgz",
      "integrity": "sha512-SrEwOROH/rhA03F59hHtdhgtfZMWGzr5duDBWgRQt2rS3mJhqMKOcnNx6txOd0/i3E3D3uFKYFvyHsEiwQxzag==",
      "cpu": [
        "arm64"
      ],
      "optional": true,
      "os": [
        "darwin"
      ],
      "engines": {
        "node": ">= 10"
      }
    },
    "node_modules/@next/swc-darwin-x64": {
      "version": "15.5.23",
      "resolved": "https://registry.npmjs.org/@next/swc-darwin-x64/-/swc-darwin-x64-15.5.23.tgz",
      "integrity": "sha512-f0FpFbG2EhDCuptBGcfrLcYMDuQAhe6m1QA4VVfXFrIBoFXvXt/olGbBkYkloKlXQtmhuzvtdYyuu/6zf07GIg==",
      "cpu": [
        "x64"
      ],
      "optional": true,
      "os": [
        "darwin"
      ],
      "engines": {
        "node": ">= 10"
      }
    },
    "node_modules/@next/swc-linux-arm64-gnu": {
      "version": "15.5.23",
      "resolved": "https://registry.npmjs.org/@next/swc-linux-arm64-gnu/-/swc-linux-arm64-gnu-15.5.23.tgz",
      "integrity": "sha512-WlNtfepUXKX2u2ZsJZ8c3c8+tJSRZqsYzoMwLOY72A8ucKCCgxgNhiePA3qzFYahVWrwcQd8jOeJmBinc+VFVQ==",
      "cpu": [
        "arm64"
      ],
      "optional": true,
      "os": [
        "linux"
      ],
      "engines": {
        "node": ">= 10"
      }
    },
    "node_modules/@next/swc-linux-arm64-musl": {
      "version": "15.5.23",
      "resolved": "https://registry.npmjs.org/@next/swc-linux-arm64-musl/-/swc-linux-arm64-musl-15.5.23.tgz",
      "integrity": "sha512-W/6qKk7UG93mg14PmQC+2urt69MIdwTBLNQ6MJyeC4wOCIHCjz+VfgssvS1pK7mgYBtLC1g6VKNoHD9xB0WWGg==",
      "cpu": [
        "arm64"
      ],
      "optional": true,
      "os": [
        "linux"
      ],
      "engines": {
        "node": ">= 10"
      }
    },
    "node_modules/@next/swc-linux-x64-gnu": {
      "version": "15.5.23",
      "resolved": "https://registry.npmjs.org/@next/swc-linux-x64-gnu/-/swc-linux-x64-gnu-15.5.23.tgz",
      "integrity": "sha512-vzefI32mi6VMk96RaTAyxApgfGbiFzQBXVsekEjsDv1fr48mlABTWx0sUYhaYCBHWqCalxmz3DxbxFcbFvzNtw==",
      "cpu": [
        "x64"
      ],
      "optional": true,
      "os": [
        "linux"
      ],
      "engines": {
        "node": ">= 10"
      }
    },
    "node_modules/@next/swc-linux-x64-musl": {
      "version": "15.5.23",
      "resolved": "https://registry.npmjs.org/@next/swc-linux-x64-musl/-/swc-linux-x64-musl-15.5.23.tgz",
      "integrity": "sha512-qppK/3dTGOTI+aoWWBZc3DshFIhrzgL8guATlaN9V6M1QJxbkP/rhEZ22tdICsQ/2WWXopMZ2Jokzj2u3uKY3Q==",
      "cpu": [
        "x64"
      ],
      "optional": true,
      "os": [
        "linux"
      ],
      "engines": {
        "node": ">= 10"
      }
    },
    "node_modules/@next/swc-win32-arm64-msvc": {
      "version": "15.5.23",
      "resolved": "https://registry.npmjs.org/@next/swc-win32-arm64-msvc/-/swc-win32-arm64-msvc-15.5.23.tgz",
      "integrity": "sha512-Wc29KFOdT7XBcII3Vtmw7aoU8Uk3Mes/FNJfhFeSHdYBFJWMcR/DsI8U9BCPUhq/uycsUVuqSKGthW15tLsigA==",
      "cpu": [
        "arm64"
      ],
      "optional": true,
      "os": [
        "win32"
      ],
      "engines": {
        "node": ">= 10"
      }
    },
    "node_modules/@next/swc-win32-x64-msvc": {
      "version": "15.5.23",
      "resolved": "https://registry.npmjs.org/@next/swc-win32-x64-msvc/-/swc-win32-x64-msvc-15.5.23.tgz",
      "integrity": "sha512-/C7wRW4fa9s/PKA18zGPPpVmx8ycgVpP8yOxro4gzGTzjPJdscbAP3ODeFvgiIovxD176Z2J/SXO9t8PJKHLeQ==",
      "cpu": [
        "x64"
      ],
      "optional": true,
      "os": [
        "win32"
      ],
      "engines": {
        "node": ">= 10"
      }
    }
  }
}
